
Microsoft Visual Studio Solution File, Format Version 12.00
# Visual Studio Version 16
VisualStudioVersion = 16.0.31613.86
MinimumVisualStudioVersion = 10.0.40219.1
Project("{FAE04EC0-301F-11D3-BF4B-00C04F79EFBC}") = "FrontendWalkthrough", "FrontendWalkthrough.csproj", "{990AEFD0-5472-4FB4-91EA-0B1A10DCA193}"
EndProject
Global
	GlobalSection(SolutionConfigurationPlatforms) = preSolution
		Debug|Any CPU = Debug|Any CPU
		Release|Any CPU = Release|Any CPU
	EndGlobalSection
	GlobalSection(ProjectConfigurationPlatforms) = postSolution
		{990AEFD0-5472-4FB4-91EA-0B1A10DCA193}.Debug|Any CPU.ActiveCfg = Debug|Any CPU
		{990AEFD0-5472-4FB4-91EA-0B1A10DCA193}.Debug|Any CPU.Build.0 = Debug|Any CPU
		{990AEFD0-5472-4FB4-91EA-0B1A10DCA193}.Release|Any CPU.ActiveCfg = Release|Any CPU
		{990AEFD0-5472-4FB4-91EA-0B1A10DCA193}.Release|Any CPU.Build.0 = Release|Any CPU
	EndGlobalSection
	GlobalSection(SolutionProperties) = preSolution
		HideSolutionNode = FALSE
	EndGlobalSection
	GlobalSection(ExtensibilityGlobals) = postSolution
		SolutionGuid = {50454D79-9FBA-42E3-A1DF-AE60471CA95E}
	EndGlobalSection
EndGlobal
